
Microsoft Visual Studio Solution File, Format Version 12.00
# Visual Studio Version 17
VisualStudioVersion = 17.0.31611.283
MinimumVisualStudioVersion = 10.0.40219.1
Project("{9A19103F-16F7-4668-BE54-9A1E7A4F7556}") = "153504_Skroba.UI", "153504_Skroba.UI\153504_Skroba.UI.csproj", "{9D583EE8-45B7-4B9A-9916-10A8C60FA335}"
EndProject
Project("{FAE04EC0-301F-11D3-BF4B-00C04F79EFBC}") = "153504_Skroba.Application", "153504_Skroba.Application\153504_Skroba.Application.csproj", "{DFD6647B-EACC-4C95-9624-37737ECD7343}"
EndProject
Project("{FAE04EC0-301F-11D3-BF4B-00C04F79EFBC}") = "153504_Skroba.Domain", "153504_Skroba.Domain\153504_Skroba.Domain.csproj", "{77D793B1-4ED3-4AC6-A01B-BB65992BFCFA}"
EndProject
Project("{FAE04EC0-301F-11D3-BF4B-00C04F79EFBC}") = "153504_Skroba.Persistense", "153504_Skroba.Persistense\153504_Skroba.Persistense.csproj", "{7186A803-B98D-4477-8A5D-F2CA88990531}"
EndProject
Global
	GlobalSection(SolutionConfigurationPlatforms) = preSolution
		Debug|Any CPU = Debug|Any CPU
		Release|Any CPU = Release|Any CPU
	EndGlobalSection
	GlobalSection(ProjectConfigurationPlatforms) = postSolution
		{9D583EE8-45B7-4B9A-9916-10A8C60FA335}.Debug|Any CPU.ActiveCfg = Debug|Any CPU
		{9D583EE8-45B7-4B9A-9916-10A8C60FA335}.Debug|Any CPU.Build.0 = Debug|Any CPU
		{9D583EE8-45B7-4B9A-9916-10A8C60FA335}.Debug|Any CPU.Deploy.0 = Debug|Any CPU
		{9D583EE8-45B7-4B9A-9916-10A8C60FA335}.Release|Any CPU.ActiveCfg = Release|Any CPU
		{9D583EE8-45B7-4B9A-9916-10A8C60FA335}.Release|Any CPU.Build.0 = Release|Any CPU
		{9D583EE8-45B7-4B9A-9916-10A8C60FA335}.Release|Any CPU.Deploy.0 = Release|Any CPU
		{DFD6647B-EACC-4C95-9624-37737ECD7343}.Debug|Any CPU.ActiveCfg = Debug|Any CPU
		{DFD6647B-EACC-4C95-9624-37737ECD7343}.Debug|Any CPU.Build.0 = Debug|Any CPU
		{DFD6647B-EACC-4C95-9624-37737ECD7343}.Release|Any CPU.ActiveCfg = Release|Any CPU
		{DFD6647B-EACC-4C95-9624-37737ECD7343}.Release|Any CPU.Build.0 = Release|Any CPU
		{77D793B1-4ED3-4AC6-A01B-BB65992BFCFA}.Debug|Any CPU.ActiveCfg = Debug|Any CPU
		{77D793B1-4ED3-4AC6-A01B-BB65992BFCFA}.Debug|Any CPU.Build.0 = Debug|Any CPU
		{77D793B1-4ED3-4AC6-A01B-BB65992BFCFA}.Release|Any CPU.ActiveCfg = Release|Any CPU
		{77D793B1-4ED3-4AC6-A01B-BB65992BFCFA}.Release|Any CPU.Build.0 = Release|Any CPU
		{7186A803-B98D-4477-8A5D-F2CA88990531}.Debug|Any CPU.ActiveCfg = Debug|Any CPU
		{7186A803-B98D-4477-8A5D-F2CA88990531}.Debug|Any CPU.Build.0 = Debug|Any CPU
		{7186A803-B98D-4477-8A5D-F2CA88990531}.Release|Any CPU.ActiveCfg = Release|Any CPU
		{7186A803-B98D-4477-8A5D-F2CA88990531}.Release|Any CPU.Build.0 = Release|Any CPU
	EndGlobalSection
	GlobalSection(SolutionProperties) = preSolution
		HideSolutionNode = FALSE
	EndGlobalSection
	GlobalSection(ExtensibilityGlobals) = postSolution
		SolutionGuid = {61F7FB11-1E47-470C-91E2-47F8143E1572}
	EndGlobalSection
EndGlobal
