
Microsoft Visual Studio Solution File, Format Version 12.00
# Visual Studio Version 17
VisualStudioVersion = 17.0.31611.283
MinimumVisualStudioVersion = 10.0.40219.1
Project("{9A19103F-16F7-4668-BE54-9A1E7A4F7556}") = "153504_Skroba.UI", "153504_Skroba.UI\153504_Skroba.UI.csproj", "{FD43FE33-310A-4F3E-B5FC-D4989D318C2E}"
EndProject
Project("{FAE04EC0-301F-11D3-BF4B-00C04F79EFBC}") = "153504_Skroba.Application", "153504_Skroba.Application\153504_Skroba.Application.csproj", "{4F4C2996-80A3-42A9-BB23-82C01335E321}"
EndProject
Project("{FAE04EC0-301F-11D3-BF4B-00C04F79EFBC}") = "153504_Skroba.Domain", "153504_Skroba.Domain\153504_Skroba.Domain.csproj", "{DEC9ECB0-4EED-4CBC-AD6E-F09CC36A6C1A}"
EndProject
Project("{FAE04EC0-301F-11D3-BF4B-00C04F79EFBC}") = "153504_Skroba.Persistense", "153504_Skroba.Persistense\153504_Skroba.Persistense.csproj", "{B72592EB-E13D-40E6-93A6-5D79FC62C9E6}"
EndProject
Global
	GlobalSection(SolutionConfigurationPlatforms) = preSolution
		Debug|Any CPU = Debug|Any CPU
		Release|Any CPU = Release|Any CPU
	EndGlobalSection
	GlobalSection(ProjectConfigurationPlatforms) = postSolution
		{FD43FE33-310A-4F3E-B5FC-D4989D318C2E}.Debug|Any CPU.ActiveCfg = Debug|Any CPU
		{FD43FE33-310A-4F3E-B5FC-D4989D318C2E}.Debug|Any CPU.Build.0 = Debug|Any CPU
		{FD43FE33-310A-4F3E-B5FC-D4989D318C2E}.Debug|Any CPU.Deploy.0 = Debug|Any CPU
		{FD43FE33-310A-4F3E-B5FC-D4989D318C2E}.Release|Any CPU.ActiveCfg = Release|Any CPU
		{FD43FE33-310A-4F3E-B5FC-D4989D318C2E}.Release|Any CPU.Build.0 = Release|Any CPU
		{FD43FE33-310A-4F3E-B5FC-D4989D318C2E}.Release|Any CPU.Deploy.0 = Release|Any CPU
		{4F4C2996-80A3-42A9-BB23-82C01335E321}.Debug|Any CPU.ActiveCfg = Debug|Any CPU
		{4F4C2996-80A3-42A9-BB23-82C01335E321}.Debug|Any CPU.Build.0 = Debug|Any CPU
		{4F4C2996-80A3-42A9-BB23-82C01335E321}.Release|Any CPU.ActiveCfg = Release|Any CPU
		{4F4C2996-80A3-42A9-BB23-82C01335E321}.Release|Any CPU.Build.0 = Release|Any CPU
		{DEC9ECB0-4EED-4CBC-AD6E-F09CC36A6C1A}.Debug|Any CPU.ActiveCfg = Debug|Any CPU
		{DEC9ECB0-4EED-4CBC-AD6E-F09CC36A6C1A}.Debug|Any CPU.Build.0 = Debug|Any CPU
		{DEC9ECB0-4EED-4CBC-AD6E-F09CC36A6C1A}.Release|Any CPU.ActiveCfg = Release|Any CPU
		{DEC9ECB0-4EED-4CBC-AD6E-F09CC36A6C1A}.Release|Any CPU.Build.0 = Release|Any CPU
		{B72592EB-E13D-40E6-93A6-5D79FC62C9E6}.Debug|Any CPU.ActiveCfg = Debug|Any CPU
		{B72592EB-E13D-40E6-93A6-5D79FC62C9E6}.Debug|Any CPU.Build.0 = Debug|Any CPU
		{B72592EB-E13D-40E6-93A6-5D79FC62C9E6}.Release|Any CPU.ActiveCfg = Release|Any CPU
		{B72592EB-E13D-40E6-93A6-5D79FC62C9E6}.Release|Any CPU.Build.0 = Release|Any CPU
	EndGlobalSection
	GlobalSection(SolutionProperties) = preSolution
		HideSolutionNode = FALSE
	EndGlobalSection
	GlobalSection(ExtensibilityGlobals) = postSolution
		SolutionGuid = {61F7FB11-1E47-470C-91E2-47F8143E1572}
	EndGlobalSection
EndGlobal
