
Microsoft Visual Studio Solution File, Format Version 12.00
# Visual Studio Version 17
VisualStudioVersion = 17.0.31612.314
MinimumVisualStudioVersion = 10.0.40219.1
Project("{8BC9CEB8-8B4A-11D0-8D11-00A0C91BC942}") = "task1", "task1\task1.vcxproj", "{B3BA54BC-5D3C-4502-B1B7-1B5593D345CF}"
EndProject
Project("{8BC9CEB8-8B4A-11D0-8D11-00A0C91BC942}") = "task2", "task2\task2.vcxproj", "{370FF37D-0741-494E-AF24-6478484BF98F}"
EndProject
Project("{8BC9CEB8-8B4A-11D0-8D11-00A0C91BC942}") = "task3", "task3\task3.vcxproj", "{731E94B1-7F1F-4B52-8DE1-C03F8D67D9B3}"
EndProject
Project("{8BC9CEB8-8B4A-11D0-8D11-00A0C91BC942}") = "task6", "task6\task6.vcxproj", "{78B3FC64-4BDD-46BB-BBBC-CA8EF957E580}"
EndProject
Project("{8BC9CEB8-8B4A-11D0-8D11-00A0C91BC942}") = "task7", "task7\task7.vcxproj", "{63AE2F1A-DCCD-47D6-A5F2-0BDD2335031A}"
EndProject
Project("{8BC9CEB8-8B4A-11D0-8D11-00A0C91BC942}") = "task4", "task4\task4.vcxproj", "{9E967AF3-81DC-4AC3-9F10-027BD0876DF6}"
EndProject
Project("{8BC9CEB8-8B4A-11D0-8D11-00A0C91BC942}") = "task5", "task5\task5.vcxproj", "{07A7DA8B-5461-49DD-B3EB-A8B4DC29554E}"
EndProject
Project("{8BC9CEB8-8B4A-11D0-8D11-00A0C91BC942}") = "task8", "task8\task8.vcxproj", "{8B97853F-EF6E-46C2-8F74-8B6B7DA645FF}"
EndProject
Project("{8BC9CEB8-8B4A-11D0-8D11-00A0C91BC942}") = "task9", "task9\task9.vcxproj", "{BC88EE2D-7C47-40AF-932D-CBB8B2AF3954}"
EndProject
Project("{8BC9CEB8-8B4A-11D0-8D11-00A0C91BC942}") = "static_libs", "static_libs\static_libs.vcxproj", "{368271C4-1CEC-4B01-9BB5-5CAB0A1E25B9}"
EndProject
Project("{8BC9CEB8-8B4A-11D0-8D11-00A0C91BC942}") = "sample-tests", "sample-tests\sample-tests.vcxproj", "{DDFF190E-2EF4-4AC0-82A9-256AEBBFA3CB}"
EndProject
Global
	GlobalSection(SolutionConfigurationPlatforms) = preSolution
		Debug|x64 = Debug|x64
		Debug|x86 = Debug|x86
		Release|x64 = Release|x64
		Release|x86 = Release|x86
	EndGlobalSection
	GlobalSection(ProjectConfigurationPlatforms) = postSolution
		{B3BA54BC-5D3C-4502-B1B7-1B5593D345CF}.Debug|x64.ActiveCfg = Debug|x64
		{B3BA54BC-5D3C-4502-B1B7-1B5593D345CF}.Debug|x64.Build.0 = Debug|x64
		{B3BA54BC-5D3C-4502-B1B7-1B5593D345CF}.Debug|x86.ActiveCfg = Debug|Win32
		{B3BA54BC-5D3C-4502-B1B7-1B5593D345CF}.Debug|x86.Build.0 = Debug|Win32
		{B3BA54BC-5D3C-4502-B1B7-1B5593D345CF}.Release|x64.ActiveCfg = Release|x64
		{B3BA54BC-5D3C-4502-B1B7-1B5593D345CF}.Release|x64.Build.0 = Release|x64
		{B3BA54BC-5D3C-4502-B1B7-1B5593D345CF}.Release|x86.ActiveCfg = Release|Win32
		{B3BA54BC-5D3C-4502-B1B7-1B5593D345CF}.Release|x86.Build.0 = Release|Win32
		{370FF37D-0741-494E-AF24-6478484BF98F}.Debug|x64.ActiveCfg = Debug|x64
		{370FF37D-0741-494E-AF24-6478484BF98F}.Debug|x64.Build.0 = Debug|x64
		{370FF37D-0741-494E-AF24-6478484BF98F}.Debug|x86.ActiveCfg = Debug|Win32
		{370FF37D-0741-494E-AF24-6478484BF98F}.Debug|x86.Build.0 = Debug|Win32
		{370FF37D-0741-494E-AF24-6478484BF98F}.Release|x64.ActiveCfg = Release|x64
		{370FF37D-0741-494E-AF24-6478484BF98F}.Release|x64.Build.0 = Release|x64
		{370FF37D-0741-494E-AF24-6478484BF98F}.Release|x86.ActiveCfg = Release|Win32
		{370FF37D-0741-494E-AF24-6478484BF98F}.Release|x86.Build.0 = Release|Win32
		{731E94B1-7F1F-4B52-8DE1-C03F8D67D9B3}.Debug|x64.ActiveCfg = Debug|x64
		{731E94B1-7F1F-4B52-8DE1-C03F8D67D9B3}.Debug|x64.Build.0 = Debug|x64
		{731E94B1-7F1F-4B52-8DE1-C03F8D67D9B3}.Debug|x86.ActiveCfg = Debug|Win32
		{731E94B1-7F1F-4B52-8DE1-C03F8D67D9B3}.Debug|x86.Build.0 = Debug|Win32
		{731E94B1-7F1F-4B52-8DE1-C03F8D67D9B3}.Release|x64.ActiveCfg = Release|x64
		{731E94B1-7F1F-4B52-8DE1-C03F8D67D9B3}.Release|x64.Build.0 = Release|x64
		{731E94B1-7F1F-4B52-8DE1-C03F8D67D9B3}.Release|x86.ActiveCfg = Release|Win32
		{731E94B1-7F1F-4B52-8DE1-C03F8D67D9B3}.Release|x86.Build.0 = Release|Win32
		{78B3FC64-4BDD-46BB-BBBC-CA8EF957E580}.Debug|x64.ActiveCfg = Debug|x64
		{78B3FC64-4BDD-46BB-BBBC-CA8EF957E580}.Debug|x64.Build.0 = Debug|x64
		{78B3FC64-4BDD-46BB-BBBC-CA8EF957E580}.Debug|x86.ActiveCfg = Debug|Win32
		{78B3FC64-4BDD-46BB-BBBC-CA8EF957E580}.Debug|x86.Build.0 = Debug|Win32
		{78B3FC64-4BDD-46BB-BBBC-CA8EF957E580}.Release|x64.ActiveCfg = Release|x64
		{78B3FC64-4BDD-46BB-BBBC-CA8EF957E580}.Release|x64.Build.0 = Release|x64
		{78B3FC64-4BDD-46BB-BBBC-CA8EF957E580}.Release|x86.ActiveCfg = Release|Win32
		{78B3FC64-4BDD-46BB-BBBC-CA8EF957E580}.Release|x86.Build.0 = Release|Win32
		{63AE2F1A-DCCD-47D6-A5F2-0BDD2335031A}.Debug|x64.ActiveCfg = Debug|x64
		{63AE2F1A-DCCD-47D6-A5F2-0BDD2335031A}.Debug|x64.Build.0 = Debug|x64
		{63AE2F1A-DCCD-47D6-A5F2-0BDD2335031A}.Debug|x86.ActiveCfg = Debug|Win32
		{63AE2F1A-DCCD-47D6-A5F2-0BDD2335031A}.Debug|x86.Build.0 = Debug|Win32
		{63AE2F1A-DCCD-47D6-A5F2-0BDD2335031A}.Release|x64.ActiveCfg = Release|x64
		{63AE2F1A-DCCD-47D6-A5F2-0BDD2335031A}.Release|x64.Build.0 = Release|x64
		{63AE2F1A-DCCD-47D6-A5F2-0BDD2335031A}.Release|x86.ActiveCfg = Release|Win32
		{63AE2F1A-DCCD-47D6-A5F2-0BDD2335031A}.Release|x86.Build.0 = Release|Win32
		{9E967AF3-81DC-4AC3-9F10-027BD0876DF6}.Debug|x64.ActiveCfg = Debug|x64
		{9E967AF3-81DC-4AC3-9F10-027BD0876DF6}.Debug|x64.Build.0 = Debug|x64
		{9E967AF3-81DC-4AC3-9F10-027BD0876DF6}.Debug|x86.ActiveCfg = Debug|Win32
		{9E967AF3-81DC-4AC3-9F10-027BD0876DF6}.Debug|x86.Build.0 = Debug|Win32
		{9E967AF3-81DC-4AC3-9F10-027BD0876DF6}.Release|x64.ActiveCfg = Release|x64
		{9E967AF3-81DC-4AC3-9F10-027BD0876DF6}.Release|x64.Build.0 = Release|x64
		{9E967AF3-81DC-4AC3-9F10-027BD0876DF6}.Release|x86.ActiveCfg = Release|Win32
		{9E967AF3-81DC-4AC3-9F10-027BD0876DF6}.Release|x86.Build.0 = Release|Win32
		{07A7DA8B-5461-49DD-B3EB-A8B4DC29554E}.Debug|x64.ActiveCfg = Debug|x64
		{07A7DA8B-5461-49DD-B3EB-A8B4DC29554E}.Debug|x64.Build.0 = Debug|x64
		{07A7DA8B-5461-49DD-B3EB-A8B4DC29554E}.Debug|x86.ActiveCfg = Debug|Win32
		{07A7DA8B-5461-49DD-B3EB-A8B4DC29554E}.Debug|x86.Build.0 = Debug|Win32
		{07A7DA8B-5461-49DD-B3EB-A8B4DC29554E}.Release|x64.ActiveCfg = Release|x64
		{07A7DA8B-5461-49DD-B3EB-A8B4DC29554E}.Release|x64.Build.0 = Release|x64
		{07A7DA8B-5461-49DD-B3EB-A8B4DC29554E}.Release|x86.ActiveCfg = Release|Win32
		{07A7DA8B-5461-49DD-B3EB-A8B4DC29554E}.Release|x86.Build.0 = Release|Win32
		{8B97853F-EF6E-46C2-8F74-8B6B7DA645FF}.Debug|x64.ActiveCfg = Debug|x64
		{8B97853F-EF6E-46C2-8F74-8B6B7DA645FF}.Debug|x64.Build.0 = Debug|x64
		{8B97853F-EF6E-46C2-8F74-8B6B7DA645FF}.Debug|x86.ActiveCfg = Debug|Win32
		{8B97853F-EF6E-46C2-8F74-8B6B7DA645FF}.Debug|x86.Build.0 = Debug|Win32
		{8B97853F-EF6E-46C2-8F74-8B6B7DA645FF}.Release|x64.ActiveCfg = Release|x64
		{8B97853F-EF6E-46C2-8F74-8B6B7DA645FF}.Release|x64.Build.0 = Release|x64
		{8B97853F-EF6E-46C2-8F74-8B6B7DA645FF}.Release|x86.ActiveCfg = Release|Win32
		{8B97853F-EF6E-46C2-8F74-8B6B7DA645FF}.Release|x86.Build.0 = Release|Win32
		{BC88EE2D-7C47-40AF-932D-CBB8B2AF3954}.Debug|x64.ActiveCfg = Debug|x64
		{BC88EE2D-7C47-40AF-932D-CBB8B2AF3954}.Debug|x64.Build.0 = Debug|x64
		{BC88EE2D-7C47-40AF-932D-CBB8B2AF3954}.Debug|x86.ActiveCfg = Debug|Win32
		{BC88EE2D-7C47-40AF-932D-CBB8B2AF3954}.Debug|x86.Build.0 = Debug|Win32
		{BC88EE2D-7C47-40AF-932D-CBB8B2AF3954}.Release|x64.ActiveCfg = Release|x64
		{BC88EE2D-7C47-40AF-932D-CBB8B2AF3954}.Release|x64.Build.0 = Release|x64
		{BC88EE2D-7C47-40AF-932D-CBB8B2AF3954}.Release|x86.ActiveCfg = Release|Win32
		{BC88EE2D-7C47-40AF-932D-CBB8B2AF3954}.Release|x86.Build.0 = Release|Win32
		{368271C4-1CEC-4B01-9BB5-5CAB0A1E25B9}.Debug|x64.ActiveCfg = Debug|x64
		{368271C4-1CEC-4B01-9BB5-5CAB0A1E25B9}.Debug|x64.Build.0 = Debug|x64
		{368271C4-1CEC-4B01-9BB5-5CAB0A1E25B9}.Debug|x86.ActiveCfg = Debug|Win32
		{368271C4-1CEC-4B01-9BB5-5CAB0A1E25B9}.Debug|x86.Build.0 = Debug|Win32
		{368271C4-1CEC-4B01-9BB5-5CAB0A1E25B9}.Release|x64.ActiveCfg = Release|x64
		{368271C4-1CEC-4B01-9BB5-5CAB0A1E25B9}.Release|x64.Build.0 = Release|x64
		{368271C4-1CEC-4B01-9BB5-5CAB0A1E25B9}.Release|x86.ActiveCfg = Release|Win32
		{368271C4-1CEC-4B01-9BB5-5CAB0A1E25B9}.Release|x86.Build.0 = Release|Win32
		{DDFF190E-2EF4-4AC0-82A9-256AEBBFA3CB}.Debug|x64.ActiveCfg = Debug|x64
		{DDFF190E-2EF4-4AC0-82A9-256AEBBFA3CB}.Debug|x64.Build.0 = Debug|x64
		{DDFF190E-2EF4-4AC0-82A9-256AEBBFA3CB}.Debug|x86.ActiveCfg = Debug|Win32
		{DDFF190E-2EF4-4AC0-82A9-256AEBBFA3CB}.Debug|x86.Build.0 = Debug|Win32
		{DDFF190E-2EF4-4AC0-82A9-256AEBBFA3CB}.Release|x64.ActiveCfg = Release|x64
		{DDFF190E-2EF4-4AC0-82A9-256AEBBFA3CB}.Release|x64.Build.0 = Release|x64
		{DDFF190E-2EF4-4AC0-82A9-256AEBBFA3CB}.Release|x86.ActiveCfg = Release|Win32
		{DDFF190E-2EF4-4AC0-82A9-256AEBBFA3CB}.Release|x86.Build.0 = Release|Win32
	EndGlobalSection
	GlobalSection(SolutionProperties) = preSolution
		HideSolutionNode = FALSE
	EndGlobalSection
	GlobalSection(ExtensibilityGlobals) = postSolution
		SolutionGuid = {BF2E7E1B-2862-4E15-B6BB-A8AADA4F64E1}
	EndGlobalSection
EndGlobal
