
Microsoft Visual Studio Solution File, Format Version 12.00
# Visual Studio Version 17
VisualStudioVersion = 17.1.32210.238
MinimumVisualStudioVersion = 10.0.40219.1
Project("{FAE04EC0-301F-11D3-BF4B-00C04F79EFBC}") = "LR3_task2", "LR3_task2\LR3_task2.csproj", "{E3673C98-7339-44F7-93F8-B9354686FF2C}"
EndProject
Global
	GlobalSection(SolutionConfigurationPlatforms) = preSolution
		Debug|Any CPU = Debug|Any CPU
		Release|Any CPU = Release|Any CPU
	EndGlobalSection
	GlobalSection(ProjectConfigurationPlatforms) = postSolution
		{E3673C98-7339-44F7-93F8-B9354686FF2C}.Debug|Any CPU.ActiveCfg = Debug|Any CPU
		{E3673C98-7339-44F7-93F8-B9354686FF2C}.Debug|Any CPU.Build.0 = Debug|Any CPU
		{E3673C98-7339-44F7-93F8-B9354686FF2C}.Release|Any CPU.ActiveCfg = Release|Any CPU
		{E3673C98-7339-44F7-93F8-B9354686FF2C}.Release|Any CPU.Build.0 = Release|Any CPU
	EndGlobalSection
	GlobalSection(SolutionProperties) = preSolution
		HideSolutionNode = FALSE
	EndGlobalSection
	GlobalSection(ExtensibilityGlobals) = postSolution
		SolutionGuid = {759DE64D-ED50-4C2B-AD54-47891C24E19F}
	EndGlobalSection
EndGlobal
