
Microsoft Visual Studio Solution File, Format Version 12.00
# Visual Studio Version 17
VisualStudioVersion = 17.0.31612.314
MinimumVisualStudioVersion = 10.0.40219.1
Project("{8BC9CEB8-8B4A-11D0-8D11-00A0C91BC942}") = "task1", "task1\task1.vcxproj", "{DF6806CC-0F62-4745-A49F-5AA719E88CDE}"
EndProject
Project("{8BC9CEB8-8B4A-11D0-8D11-00A0C91BC942}") = "task2", "task2\task2.vcxproj", "{99CF8817-9B6B-4BD4-A87F-194981AF41D0}"
EndProject
Project("{8BC9CEB8-8B4A-11D0-8D11-00A0C91BC942}") = "task3", "task3\task3.vcxproj", "{1EC172D3-0486-4025-B1FC-8D4F62E6BF16}"
EndProject
Project("{8BC9CEB8-8B4A-11D0-8D11-00A0C91BC942}") = "task4", "task4\task4.vcxproj", "{A4DA643F-24AE-4BD4-821C-3A4C445C149E}"
EndProject
Project("{8BC9CEB8-8B4A-11D0-8D11-00A0C91BC942}") = "task5", "task5\task5.vcxproj", "{3417EA42-7B14-4B9A-941B-6031A7DCBB67}"
EndProject
Project("{8BC9CEB8-8B4A-11D0-8D11-00A0C91BC942}") = "task6", "task6\task6.vcxproj", "{4E531A60-1875-4701-8415-49568CEAD047}"
EndProject
Project("{8BC9CEB8-8B4A-11D0-8D11-00A0C91BC942}") = "task7", "task7\task7.vcxproj", "{FB3CFE98-B04B-49DD-86A6-9E88C32A8AA3}"
EndProject
Project("{8BC9CEB8-8B4A-11D0-8D11-00A0C91BC942}") = "task8", "task8\task8.vcxproj", "{BE815322-DA26-45EA-81F4-B1CDA48D407F}"
EndProject
Project("{8BC9CEB8-8B4A-11D0-8D11-00A0C91BC942}") = "task9", "task9\task9.vcxproj", "{EF09D999-8D3E-4BAC-9AE9-578FC65B6A98}"
EndProject
Project("{8BC9CEB8-8B4A-11D0-8D11-00A0C91BC942}") = "taskN10", "taskN10\taskN10.vcxproj", "{7DE35539-681E-4315-BB35-D32B3A552B74}"
EndProject
Project("{8BC9CEB8-8B4A-11D0-8D11-00A0C91BC942}") = "static_libs", "static_libs\static_libs.vcxproj", "{C3F7805C-0241-479E-BD54-2973DF80E308}"
EndProject
Project("{8BC9CEB8-8B4A-11D0-8D11-00A0C91BC942}") = "sample-test", "sample-test\sample-test.vcxproj", "{83EB85FE-451A-4A9B-9587-FA380D67B1EC}"
EndProject
Project("{8BC9CEB8-8B4A-11D0-8D11-00A0C91BC942}") = "task1_1", "task1_1\task1_1.vcxproj", "{E083004D-2310-4C71-8ABC-4C6F3D8D17E3}"
EndProject
Global
	GlobalSection(SolutionConfigurationPlatforms) = preSolution
		Debug|x64 = Debug|x64
		Debug|x86 = Debug|x86
		Release|x64 = Release|x64
		Release|x86 = Release|x86
	EndGlobalSection
	GlobalSection(ProjectConfigurationPlatforms) = postSolution
		{DF6806CC-0F62-4745-A49F-5AA719E88CDE}.Debug|x64.ActiveCfg = Debug|x64
		{DF6806CC-0F62-4745-A49F-5AA719E88CDE}.Debug|x64.Build.0 = Debug|x64
		{DF6806CC-0F62-4745-A49F-5AA719E88CDE}.Debug|x86.ActiveCfg = Debug|Win32
		{DF6806CC-0F62-4745-A49F-5AA719E88CDE}.Debug|x86.Build.0 = Debug|Win32
		{DF6806CC-0F62-4745-A49F-5AA719E88CDE}.Release|x64.ActiveCfg = Release|x64
		{DF6806CC-0F62-4745-A49F-5AA719E88CDE}.Release|x64.Build.0 = Release|x64
		{DF6806CC-0F62-4745-A49F-5AA719E88CDE}.Release|x86.ActiveCfg = Release|Win32
		{DF6806CC-0F62-4745-A49F-5AA719E88CDE}.Release|x86.Build.0 = Release|Win32
		{99CF8817-9B6B-4BD4-A87F-194981AF41D0}.Debug|x64.ActiveCfg = Debug|x64
		{99CF8817-9B6B-4BD4-A87F-194981AF41D0}.Debug|x64.Build.0 = Debug|x64
		{99CF8817-9B6B-4BD4-A87F-194981AF41D0}.Debug|x86.ActiveCfg = Debug|Win32
		{99CF8817-9B6B-4BD4-A87F-194981AF41D0}.Debug|x86.Build.0 = Debug|Win32
		{99CF8817-9B6B-4BD4-A87F-194981AF41D0}.Release|x64.ActiveCfg = Release|x64
		{99CF8817-9B6B-4BD4-A87F-194981AF41D0}.Release|x64.Build.0 = Release|x64
		{99CF8817-9B6B-4BD4-A87F-194981AF41D0}.Release|x86.ActiveCfg = Release|Win32
		{99CF8817-9B6B-4BD4-A87F-194981AF41D0}.Release|x86.Build.0 = Release|Win32
		{1EC172D3-0486-4025-B1FC-8D4F62E6BF16}.Debug|x64.ActiveCfg = Debug|x64
		{1EC172D3-0486-4025-B1FC-8D4F62E6BF16}.Debug|x64.Build.0 = Debug|x64
		{1EC172D3-0486-4025-B1FC-8D4F62E6BF16}.Debug|x86.ActiveCfg = Debug|Win32
		{1EC172D3-0486-4025-B1FC-8D4F62E6BF16}.Debug|x86.Build.0 = Debug|Win32
		{1EC172D3-0486-4025-B1FC-8D4F62E6BF16}.Release|x64.ActiveCfg = Release|x64
		{1EC172D3-0486-4025-B1FC-8D4F62E6BF16}.Release|x64.Build.0 = Release|x64
		{1EC172D3-0486-4025-B1FC-8D4F62E6BF16}.Release|x86.ActiveCfg = Release|Win32
		{1EC172D3-0486-4025-B1FC-8D4F62E6BF16}.Release|x86.Build.0 = Release|Win32
		{A4DA643F-24AE-4BD4-821C-3A4C445C149E}.Debug|x64.ActiveCfg = Debug|x64
		{A4DA643F-24AE-4BD4-821C-3A4C445C149E}.Debug|x64.Build.0 = Debug|x64
		{A4DA643F-24AE-4BD4-821C-3A4C445C149E}.Debug|x86.ActiveCfg = Debug|Win32
		{A4DA643F-24AE-4BD4-821C-3A4C445C149E}.Debug|x86.Build.0 = Debug|Win32
		{A4DA643F-24AE-4BD4-821C-3A4C445C149E}.Release|x64.ActiveCfg = Release|x64
		{A4DA643F-24AE-4BD4-821C-3A4C445C149E}.Release|x64.Build.0 = Release|x64
		{A4DA643F-24AE-4BD4-821C-3A4C445C149E}.Release|x86.ActiveCfg = Release|Win32
		{A4DA643F-24AE-4BD4-821C-3A4C445C149E}.Release|x86.Build.0 = Release|Win32
		{3417EA42-7B14-4B9A-941B-6031A7DCBB67}.Debug|x64.ActiveCfg = Debug|x64
		{3417EA42-7B14-4B9A-941B-6031A7DCBB67}.Debug|x64.Build.0 = Debug|x64
		{3417EA42-7B14-4B9A-941B-6031A7DCBB67}.Debug|x86.ActiveCfg = Debug|Win32
		{3417EA42-7B14-4B9A-941B-6031A7DCBB67}.Debug|x86.Build.0 = Debug|Win32
		{3417EA42-7B14-4B9A-941B-6031A7DCBB67}.Release|x64.ActiveCfg = Release|x64
		{3417EA42-7B14-4B9A-941B-6031A7DCBB67}.Release|x64.Build.0 = Release|x64
		{3417EA42-7B14-4B9A-941B-6031A7DCBB67}.Release|x86.ActiveCfg = Release|Win32
		{3417EA42-7B14-4B9A-941B-6031A7DCBB67}.Release|x86.Build.0 = Release|Win32
		{4E531A60-1875-4701-8415-49568CEAD047}.Debug|x64.ActiveCfg = Debug|x64
		{4E531A60-1875-4701-8415-49568CEAD047}.Debug|x64.Build.0 = Debug|x64
		{4E531A60-1875-4701-8415-49568CEAD047}.Debug|x86.ActiveCfg = Debug|Win32
		{4E531A60-1875-4701-8415-49568CEAD047}.Debug|x86.Build.0 = Debug|Win32
		{4E531A60-1875-4701-8415-49568CEAD047}.Release|x64.ActiveCfg = Release|x64
		{4E531A60-1875-4701-8415-49568CEAD047}.Release|x64.Build.0 = Release|x64
		{4E531A60-1875-4701-8415-49568CEAD047}.Release|x86.ActiveCfg = Release|Win32
		{4E531A60-1875-4701-8415-49568CEAD047}.Release|x86.Build.0 = Release|Win32
		{FB3CFE98-B04B-49DD-86A6-9E88C32A8AA3}.Debug|x64.ActiveCfg = Debug|x64
		{FB3CFE98-B04B-49DD-86A6-9E88C32A8AA3}.Debug|x64.Build.0 = Debug|x64
		{FB3CFE98-B04B-49DD-86A6-9E88C32A8AA3}.Debug|x86.ActiveCfg = Debug|Win32
		{FB3CFE98-B04B-49DD-86A6-9E88C32A8AA3}.Debug|x86.Build.0 = Debug|Win32
		{FB3CFE98-B04B-49DD-86A6-9E88C32A8AA3}.Release|x64.ActiveCfg = Release|x64
		{FB3CFE98-B04B-49DD-86A6-9E88C32A8AA3}.Release|x64.Build.0 = Release|x64
		{FB3CFE98-B04B-49DD-86A6-9E88C32A8AA3}.Release|x86.ActiveCfg = Release|Win32
		{FB3CFE98-B04B-49DD-86A6-9E88C32A8AA3}.Release|x86.Build.0 = Release|Win32
		{BE815322-DA26-45EA-81F4-B1CDA48D407F}.Debug|x64.ActiveCfg = Debug|x64
		{BE815322-DA26-45EA-81F4-B1CDA48D407F}.Debug|x64.Build.0 = Debug|x64
		{BE815322-DA26-45EA-81F4-B1CDA48D407F}.Debug|x86.ActiveCfg = Debug|Win32
		{BE815322-DA26-45EA-81F4-B1CDA48D407F}.Debug|x86.Build.0 = Debug|Win32
		{BE815322-DA26-45EA-81F4-B1CDA48D407F}.Release|x64.ActiveCfg = Release|x64
		{BE815322-DA26-45EA-81F4-B1CDA48D407F}.Release|x64.Build.0 = Release|x64
		{BE815322-DA26-45EA-81F4-B1CDA48D407F}.Release|x86.ActiveCfg = Release|Win32
		{BE815322-DA26-45EA-81F4-B1CDA48D407F}.Release|x86.Build.0 = Release|Win32
		{EF09D999-8D3E-4BAC-9AE9-578FC65B6A98}.Debug|x64.ActiveCfg = Debug|x64
		{EF09D999-8D3E-4BAC-9AE9-578FC65B6A98}.Debug|x64.Build.0 = Debug|x64
		{EF09D999-8D3E-4BAC-9AE9-578FC65B6A98}.Debug|x86.ActiveCfg = Debug|Win32
		{EF09D999-8D3E-4BAC-9AE9-578FC65B6A98}.Debug|x86.Build.0 = Debug|Win32
		{EF09D999-8D3E-4BAC-9AE9-578FC65B6A98}.Release|x64.ActiveCfg = Release|x64
		{EF09D999-8D3E-4BAC-9AE9-578FC65B6A98}.Release|x64.Build.0 = Release|x64
		{EF09D999-8D3E-4BAC-9AE9-578FC65B6A98}.Release|x86.ActiveCfg = Release|Win32
		{EF09D999-8D3E-4BAC-9AE9-578FC65B6A98}.Release|x86.Build.0 = Release|Win32
		{7DE35539-681E-4315-BB35-D32B3A552B74}.Debug|x64.ActiveCfg = Debug|x64
		{7DE35539-681E-4315-BB35-D32B3A552B74}.Debug|x64.Build.0 = Debug|x64
		{7DE35539-681E-4315-BB35-D32B3A552B74}.Debug|x86.ActiveCfg = Debug|Win32
		{7DE35539-681E-4315-BB35-D32B3A552B74}.Debug|x86.Build.0 = Debug|Win32
		{7DE35539-681E-4315-BB35-D32B3A552B74}.Release|x64.ActiveCfg = Release|x64
		{7DE35539-681E-4315-BB35-D32B3A552B74}.Release|x64.Build.0 = Release|x64
		{7DE35539-681E-4315-BB35-D32B3A552B74}.Release|x86.ActiveCfg = Release|Win32
		{7DE35539-681E-4315-BB35-D32B3A552B74}.Release|x86.Build.0 = Release|Win32
		{C3F7805C-0241-479E-BD54-2973DF80E308}.Debug|x64.ActiveCfg = Debug|x64
		{C3F7805C-0241-479E-BD54-2973DF80E308}.Debug|x64.Build.0 = Debug|x64
		{C3F7805C-0241-479E-BD54-2973DF80E308}.Debug|x86.ActiveCfg = Debug|Win32
		{C3F7805C-0241-479E-BD54-2973DF80E308}.Debug|x86.Build.0 = Debug|Win32
		{C3F7805C-0241-479E-BD54-2973DF80E308}.Release|x64.ActiveCfg = Release|x64
		{C3F7805C-0241-479E-BD54-2973DF80E308}.Release|x64.Build.0 = Release|x64
		{C3F7805C-0241-479E-BD54-2973DF80E308}.Release|x86.ActiveCfg = Release|Win32
		{C3F7805C-0241-479E-BD54-2973DF80E308}.Release|x86.Build.0 = Release|Win32
		{83EB85FE-451A-4A9B-9587-FA380D67B1EC}.Debug|x64.ActiveCfg = Debug|x64
		{83EB85FE-451A-4A9B-9587-FA380D67B1EC}.Debug|x64.Build.0 = Debug|x64
		{83EB85FE-451A-4A9B-9587-FA380D67B1EC}.Debug|x86.ActiveCfg = Debug|Win32
		{83EB85FE-451A-4A9B-9587-FA380D67B1EC}.Debug|x86.Build.0 = Debug|Win32
		{83EB85FE-451A-4A9B-9587-FA380D67B1EC}.Release|x64.ActiveCfg = Release|x64
		{83EB85FE-451A-4A9B-9587-FA380D67B1EC}.Release|x64.Build.0 = Release|x64
		{83EB85FE-451A-4A9B-9587-FA380D67B1EC}.Release|x86.ActiveCfg = Release|Win32
		{83EB85FE-451A-4A9B-9587-FA380D67B1EC}.Release|x86.Build.0 = Release|Win32
		{E083004D-2310-4C71-8ABC-4C6F3D8D17E3}.Debug|x64.ActiveCfg = Debug|x64
		{E083004D-2310-4C71-8ABC-4C6F3D8D17E3}.Debug|x64.Build.0 = Debug|x64
		{E083004D-2310-4C71-8ABC-4C6F3D8D17E3}.Debug|x86.ActiveCfg = Debug|Win32
		{E083004D-2310-4C71-8ABC-4C6F3D8D17E3}.Debug|x86.Build.0 = Debug|Win32
		{E083004D-2310-4C71-8ABC-4C6F3D8D17E3}.Release|x64.ActiveCfg = Release|x64
		{E083004D-2310-4C71-8ABC-4C6F3D8D17E3}.Release|x64.Build.0 = Release|x64
		{E083004D-2310-4C71-8ABC-4C6F3D8D17E3}.Release|x86.ActiveCfg = Release|Win32
		{E083004D-2310-4C71-8ABC-4C6F3D8D17E3}.Release|x86.Build.0 = Release|Win32
	EndGlobalSection
	GlobalSection(SolutionProperties) = preSolution
		HideSolutionNode = FALSE
	EndGlobalSection
	GlobalSection(ExtensibilityGlobals) = postSolution
		SolutionGuid = {069C3D7F-D74F-4539-8A50-8A9BBA1F24AB}
	EndGlobalSection
EndGlobal
