
Microsoft Visual Studio Solution File, Format Version 12.00
# Visual Studio Version 17
VisualStudioVersion = 17.1.32210.238
MinimumVisualStudioVersion = 10.0.40219.1
Project("{FAE04EC0-301F-11D3-BF4B-00C04F79EFBC}") = "153504_Skroba_Lab6", "153504_Skroba_Lab6\153504_Skroba_Lab6.csproj", "{3858BA97-6C14-4C73-BE19-2056B7D522CD}"
EndProject
Project("{FAE04EC0-301F-11D3-BF4B-00C04F79EFBC}") = "Lib", "Lib\Lib.csproj", "{398A3F26-48CA-4BCE-98D5-1349B2976AFF}"
EndProject
Global
	GlobalSection(SolutionConfigurationPlatforms) = preSolution
		Debug|Any CPU = Debug|Any CPU
		Release|Any CPU = Release|Any CPU
	EndGlobalSection
	GlobalSection(ProjectConfigurationPlatforms) = postSolution
		{3858BA97-6C14-4C73-BE19-2056B7D522CD}.Debug|Any CPU.ActiveCfg = Debug|Any CPU
		{3858BA97-6C14-4C73-BE19-2056B7D522CD}.Debug|Any CPU.Build.0 = Debug|Any CPU
		{3858BA97-6C14-4C73-BE19-2056B7D522CD}.Release|Any CPU.ActiveCfg = Release|Any CPU
		{3858BA97-6C14-4C73-BE19-2056B7D522CD}.Release|Any CPU.Build.0 = Release|Any CPU
		{398A3F26-48CA-4BCE-98D5-1349B2976AFF}.Debug|Any CPU.ActiveCfg = Debug|Any CPU
		{398A3F26-48CA-4BCE-98D5-1349B2976AFF}.Debug|Any CPU.Build.0 = Debug|Any CPU
		{398A3F26-48CA-4BCE-98D5-1349B2976AFF}.Release|Any CPU.ActiveCfg = Release|Any CPU
		{398A3F26-48CA-4BCE-98D5-1349B2976AFF}.Release|Any CPU.Build.0 = Release|Any CPU
	EndGlobalSection
	GlobalSection(SolutionProperties) = preSolution
		HideSolutionNode = FALSE
	EndGlobalSection
	GlobalSection(ExtensibilityGlobals) = postSolution
		SolutionGuid = {9B843623-AD93-48E9-B1A8-73962FC6440B}
	EndGlobalSection
EndGlobal
