
Microsoft Visual Studio Solution File, Format Version 12.00
# Visual Studio Version 17
VisualStudioVersion = 17.0.31612.314
MinimumVisualStudioVersion = 10.0.40219.1
Project("{8BC9CEB8-8B4A-11D0-8D11-00A0C91BC942}") = "task1", "Laba2\Laba2.vcxproj", "{28F48944-0A02-4EB5-BC6B-F502CFBD79B9}"
EndProject
Project("{8BC9CEB8-8B4A-11D0-8D11-00A0C91BC942}") = "task2.1", "task2\task2.vcxproj", "{1407D59D-77C9-4929-8138-60910B939E7E}"
EndProject
Project("{8BC9CEB8-8B4A-11D0-8D11-00A0C91BC942}") = "task3", "task3\task3.vcxproj", "{6C086F25-2EDF-41D7-A208-C2098BC537AC}"
EndProject
Project("{8BC9CEB8-8B4A-11D0-8D11-00A0C91BC942}") = "task4", "task4\task4.vcxproj", "{997FC089-27EE-4879-A124-643C9FA51251}"
EndProject
Project("{8BC9CEB8-8B4A-11D0-8D11-00A0C91BC942}") = "task5", "task5\task5.vcxproj", "{45456C66-76CF-4A53-87A3-DD1345E5F694}"
EndProject
Project("{8BC9CEB8-8B4A-11D0-8D11-00A0C91BC942}") = "task6", "task6\task6.vcxproj", "{7419A888-B833-4A52-8238-C20F921DEBBC}"
EndProject
Project("{8BC9CEB8-8B4A-11D0-8D11-00A0C91BC942}") = "task7", "task7\task7.vcxproj", "{DABBA07F-849A-4212-A48A-157AFEA27583}"
EndProject
Project("{8BC9CEB8-8B4A-11D0-8D11-00A0C91BC942}") = "task9", "task9\task9.vcxproj", "{4DA9BB86-CAF5-4E8B-BAF9-9C24D06EEA8A}"
EndProject
Project("{8BC9CEB8-8B4A-11D0-8D11-00A0C91BC942}") = "task2.2", "task2.2\task2.2.vcxproj", "{78CE50BB-0AC0-49D9-BEE4-0B235431C227}"
EndProject
Project("{8BC9CEB8-8B4A-11D0-8D11-00A0C91BC942}") = "taskN10", "task10\task10.vcxproj", "{6D91B12B-2321-4651-996A-1A74413D0AD0}"
EndProject
Project("{8BC9CEB8-8B4A-11D0-8D11-00A0C91BC942}") = "taskN11", "task11\task11.vcxproj", "{ACBACB1D-0A9A-4E35-8024-B2F27D5A07B2}"
EndProject
Project("{8BC9CEB8-8B4A-11D0-8D11-00A0C91BC942}") = "taskN12", "taskN12\taskN12.vcxproj", "{FB1CFC6B-8074-4E95-886F-5E7B19DEB754}"
EndProject
Project("{8BC9CEB8-8B4A-11D0-8D11-00A0C91BC942}") = "taskN16", "taskN16\taskN16.vcxproj", "{99EC545C-ECB1-4188-8591-767E4C6F3D4C}"
EndProject
Project("{8BC9CEB8-8B4A-11D0-8D11-00A0C91BC942}") = "taskN15", "taskN15\taskN15.vcxproj", "{89253E25-087B-4486-B7F5-AC13B1B1CEFF}"
EndProject
Project("{8BC9CEB8-8B4A-11D0-8D11-00A0C91BC942}") = "taskN14", "taskN14\taskN14.vcxproj", "{3944C60D-7A43-48DC-AD1D-48846C1D355B}"
EndProject
Project("{8BC9CEB8-8B4A-11D0-8D11-00A0C91BC942}") = "taskN13", "taskN13_1\taskN13_1.vcxproj", "{7B619883-1A0A-47B2-83FE-6164B974E33D}"
EndProject
Project("{8BC9CEB8-8B4A-11D0-8D11-00A0C91BC942}") = "task8", "task8\task8.vcxproj", "{6F41EFF5-6BDF-4733-8C29-E7883B7AC19A}"
EndProject
Project("{8BC9CEB8-8B4A-11D0-8D11-00A0C91BC942}") = "task7_1", "task7_1\task7_1.vcxproj", "{C91A1D58-8F28-44CA-AF3F-C9BDF7FD27FF}"
EndProject
Project("{8BC9CEB8-8B4A-11D0-8D11-00A0C91BC942}") = "task7_2", "task7_2_1\task7_2_1.vcxproj", "{856C4A57-78CA-4763-88C3-B42A68DC7F70}"
EndProject
Project("{8BC9CEB8-8B4A-11D0-8D11-00A0C91BC942}") = "task7_3", "task2_3\task2_3.vcxproj", "{03E803D0-3B23-4152-9258-FA39C8578525}"
EndProject
Project("{8BC9CEB8-8B4A-11D0-8D11-00A0C91BC942}") = "taskN17", "taskN17\taskN17.vcxproj", "{B2DB5314-9B46-4812-BA20-E1C9D00CBB60}"
EndProject
Global
	GlobalSection(SolutionConfigurationPlatforms) = preSolution
		Debug|x64 = Debug|x64
		Debug|x86 = Debug|x86
		Release|x64 = Release|x64
		Release|x86 = Release|x86
	EndGlobalSection
	GlobalSection(ProjectConfigurationPlatforms) = postSolution
		{28F48944-0A02-4EB5-BC6B-F502CFBD79B9}.Debug|x64.ActiveCfg = Debug|x64
		{28F48944-0A02-4EB5-BC6B-F502CFBD79B9}.Debug|x64.Build.0 = Debug|x64
		{28F48944-0A02-4EB5-BC6B-F502CFBD79B9}.Debug|x86.ActiveCfg = Debug|Win32
		{28F48944-0A02-4EB5-BC6B-F502CFBD79B9}.Debug|x86.Build.0 = Debug|Win32
		{28F48944-0A02-4EB5-BC6B-F502CFBD79B9}.Release|x64.ActiveCfg = Release|x64
		{28F48944-0A02-4EB5-BC6B-F502CFBD79B9}.Release|x64.Build.0 = Release|x64
		{28F48944-0A02-4EB5-BC6B-F502CFBD79B9}.Release|x86.ActiveCfg = Release|Win32
		{28F48944-0A02-4EB5-BC6B-F502CFBD79B9}.Release|x86.Build.0 = Release|Win32
		{1407D59D-77C9-4929-8138-60910B939E7E}.Debug|x64.ActiveCfg = Debug|x64
		{1407D59D-77C9-4929-8138-60910B939E7E}.Debug|x64.Build.0 = Debug|x64
		{1407D59D-77C9-4929-8138-60910B939E7E}.Debug|x86.ActiveCfg = Debug|Win32
		{1407D59D-77C9-4929-8138-60910B939E7E}.Debug|x86.Build.0 = Debug|Win32
		{1407D59D-77C9-4929-8138-60910B939E7E}.Release|x64.ActiveCfg = Release|x64
		{1407D59D-77C9-4929-8138-60910B939E7E}.Release|x64.Build.0 = Release|x64
		{1407D59D-77C9-4929-8138-60910B939E7E}.Release|x86.ActiveCfg = Release|Win32
		{1407D59D-77C9-4929-8138-60910B939E7E}.Release|x86.Build.0 = Release|Win32
		{6C086F25-2EDF-41D7-A208-C2098BC537AC}.Debug|x64.ActiveCfg = Debug|x64
		{6C086F25-2EDF-41D7-A208-C2098BC537AC}.Debug|x64.Build.0 = Debug|x64
		{6C086F25-2EDF-41D7-A208-C2098BC537AC}.Debug|x86.ActiveCfg = Debug|Win32
		{6C086F25-2EDF-41D7-A208-C2098BC537AC}.Debug|x86.Build.0 = Debug|Win32
		{6C086F25-2EDF-41D7-A208-C2098BC537AC}.Release|x64.ActiveCfg = Release|x64
		{6C086F25-2EDF-41D7-A208-C2098BC537AC}.Release|x64.Build.0 = Release|x64
		{6C086F25-2EDF-41D7-A208-C2098BC537AC}.Release|x86.ActiveCfg = Release|Win32
		{6C086F25-2EDF-41D7-A208-C2098BC537AC}.Release|x86.Build.0 = Release|Win32
		{997FC089-27EE-4879-A124-643C9FA51251}.Debug|x64.ActiveCfg = Debug|x64
		{997FC089-27EE-4879-A124-643C9FA51251}.Debug|x64.Build.0 = Debug|x64
		{997FC089-27EE-4879-A124-643C9FA51251}.Debug|x86.ActiveCfg = Debug|Win32
		{997FC089-27EE-4879-A124-643C9FA51251}.Debug|x86.Build.0 = Debug|Win32
		{997FC089-27EE-4879-A124-643C9FA51251}.Release|x64.ActiveCfg = Release|x64
		{997FC089-27EE-4879-A124-643C9FA51251}.Release|x64.Build.0 = Release|x64
		{997FC089-27EE-4879-A124-643C9FA51251}.Release|x86.ActiveCfg = Release|Win32
		{997FC089-27EE-4879-A124-643C9FA51251}.Release|x86.Build.0 = Release|Win32
		{45456C66-76CF-4A53-87A3-DD1345E5F694}.Debug|x64.ActiveCfg = Debug|x64
		{45456C66-76CF-4A53-87A3-DD1345E5F694}.Debug|x64.Build.0 = Debug|x64
		{45456C66-76CF-4A53-87A3-DD1345E5F694}.Debug|x86.ActiveCfg = Debug|Win32
		{45456C66-76CF-4A53-87A3-DD1345E5F694}.Debug|x86.Build.0 = Debug|Win32
		{45456C66-76CF-4A53-87A3-DD1345E5F694}.Release|x64.ActiveCfg = Release|x64
		{45456C66-76CF-4A53-87A3-DD1345E5F694}.Release|x64.Build.0 = Release|x64
		{45456C66-76CF-4A53-87A3-DD1345E5F694}.Release|x86.ActiveCfg = Release|Win32
		{45456C66-76CF-4A53-87A3-DD1345E5F694}.Release|x86.Build.0 = Release|Win32
		{7419A888-B833-4A52-8238-C20F921DEBBC}.Debug|x64.ActiveCfg = Debug|x64
		{7419A888-B833-4A52-8238-C20F921DEBBC}.Debug|x64.Build.0 = Debug|x64
		{7419A888-B833-4A52-8238-C20F921DEBBC}.Debug|x86.ActiveCfg = Debug|Win32
		{7419A888-B833-4A52-8238-C20F921DEBBC}.Debug|x86.Build.0 = Debug|Win32
		{7419A888-B833-4A52-8238-C20F921DEBBC}.Release|x64.ActiveCfg = Release|x64
		{7419A888-B833-4A52-8238-C20F921DEBBC}.Release|x64.Build.0 = Release|x64
		{7419A888-B833-4A52-8238-C20F921DEBBC}.Release|x86.ActiveCfg = Release|Win32
		{7419A888-B833-4A52-8238-C20F921DEBBC}.Release|x86.Build.0 = Release|Win32
		{DABBA07F-849A-4212-A48A-157AFEA27583}.Debug|x64.ActiveCfg = Debug|x64
		{DABBA07F-849A-4212-A48A-157AFEA27583}.Debug|x64.Build.0 = Debug|x64
		{DABBA07F-849A-4212-A48A-157AFEA27583}.Debug|x86.ActiveCfg = Debug|Win32
		{DABBA07F-849A-4212-A48A-157AFEA27583}.Debug|x86.Build.0 = Debug|Win32
		{DABBA07F-849A-4212-A48A-157AFEA27583}.Release|x64.ActiveCfg = Release|x64
		{DABBA07F-849A-4212-A48A-157AFEA27583}.Release|x64.Build.0 = Release|x64
		{DABBA07F-849A-4212-A48A-157AFEA27583}.Release|x86.ActiveCfg = Release|Win32
		{DABBA07F-849A-4212-A48A-157AFEA27583}.Release|x86.Build.0 = Release|Win32
		{4DA9BB86-CAF5-4E8B-BAF9-9C24D06EEA8A}.Debug|x64.ActiveCfg = Debug|x64
		{4DA9BB86-CAF5-4E8B-BAF9-9C24D06EEA8A}.Debug|x64.Build.0 = Debug|x64
		{4DA9BB86-CAF5-4E8B-BAF9-9C24D06EEA8A}.Debug|x86.ActiveCfg = Debug|Win32
		{4DA9BB86-CAF5-4E8B-BAF9-9C24D06EEA8A}.Debug|x86.Build.0 = Debug|Win32
		{4DA9BB86-CAF5-4E8B-BAF9-9C24D06EEA8A}.Release|x64.ActiveCfg = Release|x64
		{4DA9BB86-CAF5-4E8B-BAF9-9C24D06EEA8A}.Release|x64.Build.0 = Release|x64
		{4DA9BB86-CAF5-4E8B-BAF9-9C24D06EEA8A}.Release|x86.ActiveCfg = Release|Win32
		{4DA9BB86-CAF5-4E8B-BAF9-9C24D06EEA8A}.Release|x86.Build.0 = Release|Win32
		{78CE50BB-0AC0-49D9-BEE4-0B235431C227}.Debug|x64.ActiveCfg = Debug|x64
		{78CE50BB-0AC0-49D9-BEE4-0B235431C227}.Debug|x64.Build.0 = Debug|x64
		{78CE50BB-0AC0-49D9-BEE4-0B235431C227}.Debug|x86.ActiveCfg = Debug|Win32
		{78CE50BB-0AC0-49D9-BEE4-0B235431C227}.Debug|x86.Build.0 = Debug|Win32
		{78CE50BB-0AC0-49D9-BEE4-0B235431C227}.Release|x64.ActiveCfg = Release|x64
		{78CE50BB-0AC0-49D9-BEE4-0B235431C227}.Release|x64.Build.0 = Release|x64
		{78CE50BB-0AC0-49D9-BEE4-0B235431C227}.Release|x86.ActiveCfg = Release|Win32
		{78CE50BB-0AC0-49D9-BEE4-0B235431C227}.Release|x86.Build.0 = Release|Win32
		{6D91B12B-2321-4651-996A-1A74413D0AD0}.Debug|x64.ActiveCfg = Debug|x64
		{6D91B12B-2321-4651-996A-1A74413D0AD0}.Debug|x64.Build.0 = Debug|x64
		{6D91B12B-2321-4651-996A-1A74413D0AD0}.Debug|x86.ActiveCfg = Debug|Win32
		{6D91B12B-2321-4651-996A-1A74413D0AD0}.Debug|x86.Build.0 = Debug|Win32
		{6D91B12B-2321-4651-996A-1A74413D0AD0}.Release|x64.ActiveCfg = Release|x64
		{6D91B12B-2321-4651-996A-1A74413D0AD0}.Release|x64.Build.0 = Release|x64
		{6D91B12B-2321-4651-996A-1A74413D0AD0}.Release|x86.ActiveCfg = Release|Win32
		{6D91B12B-2321-4651-996A-1A74413D0AD0}.Release|x86.Build.0 = Release|Win32
		{ACBACB1D-0A9A-4E35-8024-B2F27D5A07B2}.Debug|x64.ActiveCfg = Debug|x64
		{ACBACB1D-0A9A-4E35-8024-B2F27D5A07B2}.Debug|x64.Build.0 = Debug|x64
		{ACBACB1D-0A9A-4E35-8024-B2F27D5A07B2}.Debug|x86.ActiveCfg = Debug|Win32
		{ACBACB1D-0A9A-4E35-8024-B2F27D5A07B2}.Debug|x86.Build.0 = Debug|Win32
		{ACBACB1D-0A9A-4E35-8024-B2F27D5A07B2}.Release|x64.ActiveCfg = Release|x64
		{ACBACB1D-0A9A-4E35-8024-B2F27D5A07B2}.Release|x64.Build.0 = Release|x64
		{ACBACB1D-0A9A-4E35-8024-B2F27D5A07B2}.Release|x86.ActiveCfg = Release|Win32
		{ACBACB1D-0A9A-4E35-8024-B2F27D5A07B2}.Release|x86.Build.0 = Release|Win32
		{FB1CFC6B-8074-4E95-886F-5E7B19DEB754}.Debug|x64.ActiveCfg = Debug|x64
		{FB1CFC6B-8074-4E95-886F-5E7B19DEB754}.Debug|x64.Build.0 = Debug|x64
		{FB1CFC6B-8074-4E95-886F-5E7B19DEB754}.Debug|x86.ActiveCfg = Debug|Win32
		{FB1CFC6B-8074-4E95-886F-5E7B19DEB754}.Debug|x86.Build.0 = Debug|Win32
		{FB1CFC6B-8074-4E95-886F-5E7B19DEB754}.Release|x64.ActiveCfg = Release|x64
		{FB1CFC6B-8074-4E95-886F-5E7B19DEB754}.Release|x64.Build.0 = Release|x64
		{FB1CFC6B-8074-4E95-886F-5E7B19DEB754}.Release|x86.ActiveCfg = Release|Win32
		{FB1CFC6B-8074-4E95-886F-5E7B19DEB754}.Release|x86.Build.0 = Release|Win32
		{99EC545C-ECB1-4188-8591-767E4C6F3D4C}.Debug|x64.ActiveCfg = Debug|x64
		{99EC545C-ECB1-4188-8591-767E4C6F3D4C}.Debug|x64.Build.0 = Debug|x64
		{99EC545C-ECB1-4188-8591-767E4C6F3D4C}.Debug|x86.ActiveCfg = Debug|Win32
		{99EC545C-ECB1-4188-8591-767E4C6F3D4C}.Debug|x86.Build.0 = Debug|Win32
		{99EC545C-ECB1-4188-8591-767E4C6F3D4C}.Release|x64.ActiveCfg = Release|x64
		{99EC545C-ECB1-4188-8591-767E4C6F3D4C}.Release|x64.Build.0 = Release|x64
		{99EC545C-ECB1-4188-8591-767E4C6F3D4C}.Release|x86.ActiveCfg = Release|Win32
		{99EC545C-ECB1-4188-8591-767E4C6F3D4C}.Release|x86.Build.0 = Release|Win32
		{89253E25-087B-4486-B7F5-AC13B1B1CEFF}.Debug|x64.ActiveCfg = Debug|x64
		{89253E25-087B-4486-B7F5-AC13B1B1CEFF}.Debug|x64.Build.0 = Debug|x64
		{89253E25-087B-4486-B7F5-AC13B1B1CEFF}.Debug|x86.ActiveCfg = Debug|Win32
		{89253E25-087B-4486-B7F5-AC13B1B1CEFF}.Debug|x86.Build.0 = Debug|Win32
		{89253E25-087B-4486-B7F5-AC13B1B1CEFF}.Release|x64.ActiveCfg = Release|x64
		{89253E25-087B-4486-B7F5-AC13B1B1CEFF}.Release|x64.Build.0 = Release|x64
		{89253E25-087B-4486-B7F5-AC13B1B1CEFF}.Release|x86.ActiveCfg = Release|Win32
		{89253E25-087B-4486-B7F5-AC13B1B1CEFF}.Release|x86.Build.0 = Release|Win32
		{3944C60D-7A43-48DC-AD1D-48846C1D355B}.Debug|x64.ActiveCfg = Debug|x64
		{3944C60D-7A43-48DC-AD1D-48846C1D355B}.Debug|x64.Build.0 = Debug|x64
		{3944C60D-7A43-48DC-AD1D-48846C1D355B}.Debug|x86.ActiveCfg = Debug|Win32
		{3944C60D-7A43-48DC-AD1D-48846C1D355B}.Debug|x86.Build.0 = Debug|Win32
		{3944C60D-7A43-48DC-AD1D-48846C1D355B}.Release|x64.ActiveCfg = Release|x64
		{3944C60D-7A43-48DC-AD1D-48846C1D355B}.Release|x64.Build.0 = Release|x64
		{3944C60D-7A43-48DC-AD1D-48846C1D355B}.Release|x86.ActiveCfg = Release|Win32
		{3944C60D-7A43-48DC-AD1D-48846C1D355B}.Release|x86.Build.0 = Release|Win32
		{7B619883-1A0A-47B2-83FE-6164B974E33D}.Debug|x64.ActiveCfg = Debug|x64
		{7B619883-1A0A-47B2-83FE-6164B974E33D}.Debug|x64.Build.0 = Debug|x64
		{7B619883-1A0A-47B2-83FE-6164B974E33D}.Debug|x86.ActiveCfg = Debug|Win32
		{7B619883-1A0A-47B2-83FE-6164B974E33D}.Debug|x86.Build.0 = Debug|Win32
		{7B619883-1A0A-47B2-83FE-6164B974E33D}.Release|x64.ActiveCfg = Release|x64
		{7B619883-1A0A-47B2-83FE-6164B974E33D}.Release|x64.Build.0 = Release|x64
		{7B619883-1A0A-47B2-83FE-6164B974E33D}.Release|x86.ActiveCfg = Release|Win32
		{7B619883-1A0A-47B2-83FE-6164B974E33D}.Release|x86.Build.0 = Release|Win32
		{6F41EFF5-6BDF-4733-8C29-E7883B7AC19A}.Debug|x64.ActiveCfg = Debug|x64
		{6F41EFF5-6BDF-4733-8C29-E7883B7AC19A}.Debug|x64.Build.0 = Debug|x64
		{6F41EFF5-6BDF-4733-8C29-E7883B7AC19A}.Debug|x86.ActiveCfg = Debug|Win32
		{6F41EFF5-6BDF-4733-8C29-E7883B7AC19A}.Debug|x86.Build.0 = Debug|Win32
		{6F41EFF5-6BDF-4733-8C29-E7883B7AC19A}.Release|x64.ActiveCfg = Release|x64
		{6F41EFF5-6BDF-4733-8C29-E7883B7AC19A}.Release|x64.Build.0 = Release|x64
		{6F41EFF5-6BDF-4733-8C29-E7883B7AC19A}.Release|x86.ActiveCfg = Release|Win32
		{6F41EFF5-6BDF-4733-8C29-E7883B7AC19A}.Release|x86.Build.0 = Release|Win32
		{C91A1D58-8F28-44CA-AF3F-C9BDF7FD27FF}.Debug|x64.ActiveCfg = Debug|x64
		{C91A1D58-8F28-44CA-AF3F-C9BDF7FD27FF}.Debug|x64.Build.0 = Debug|x64
		{C91A1D58-8F28-44CA-AF3F-C9BDF7FD27FF}.Debug|x86.ActiveCfg = Debug|Win32
		{C91A1D58-8F28-44CA-AF3F-C9BDF7FD27FF}.Debug|x86.Build.0 = Debug|Win32
		{C91A1D58-8F28-44CA-AF3F-C9BDF7FD27FF}.Release|x64.ActiveCfg = Release|x64
		{C91A1D58-8F28-44CA-AF3F-C9BDF7FD27FF}.Release|x64.Build.0 = Release|x64
		{C91A1D58-8F28-44CA-AF3F-C9BDF7FD27FF}.Release|x86.ActiveCfg = Release|Win32
		{C91A1D58-8F28-44CA-AF3F-C9BDF7FD27FF}.Release|x86.Build.0 = Release|Win32
		{856C4A57-78CA-4763-88C3-B42A68DC7F70}.Debug|x64.ActiveCfg = Debug|x64
		{856C4A57-78CA-4763-88C3-B42A68DC7F70}.Debug|x64.Build.0 = Debug|x64
		{856C4A57-78CA-4763-88C3-B42A68DC7F70}.Debug|x86.ActiveCfg = Debug|Win32
		{856C4A57-78CA-4763-88C3-B42A68DC7F70}.Debug|x86.Build.0 = Debug|Win32
		{856C4A57-78CA-4763-88C3-B42A68DC7F70}.Release|x64.ActiveCfg = Release|x64
		{856C4A57-78CA-4763-88C3-B42A68DC7F70}.Release|x64.Build.0 = Release|x64
		{856C4A57-78CA-4763-88C3-B42A68DC7F70}.Release|x86.ActiveCfg = Release|Win32
		{856C4A57-78CA-4763-88C3-B42A68DC7F70}.Release|x86.Build.0 = Release|Win32
		{03E803D0-3B23-4152-9258-FA39C8578525}.Debug|x64.ActiveCfg = Debug|x64
		{03E803D0-3B23-4152-9258-FA39C8578525}.Debug|x64.Build.0 = Debug|x64
		{03E803D0-3B23-4152-9258-FA39C8578525}.Debug|x86.ActiveCfg = Debug|Win32
		{03E803D0-3B23-4152-9258-FA39C8578525}.Debug|x86.Build.0 = Debug|Win32
		{03E803D0-3B23-4152-9258-FA39C8578525}.Release|x64.ActiveCfg = Release|x64
		{03E803D0-3B23-4152-9258-FA39C8578525}.Release|x64.Build.0 = Release|x64
		{03E803D0-3B23-4152-9258-FA39C8578525}.Release|x86.ActiveCfg = Release|Win32
		{03E803D0-3B23-4152-9258-FA39C8578525}.Release|x86.Build.0 = Release|Win32
		{B2DB5314-9B46-4812-BA20-E1C9D00CBB60}.Debug|x64.ActiveCfg = Debug|x64
		{B2DB5314-9B46-4812-BA20-E1C9D00CBB60}.Debug|x64.Build.0 = Debug|x64
		{B2DB5314-9B46-4812-BA20-E1C9D00CBB60}.Debug|x86.ActiveCfg = Debug|Win32
		{B2DB5314-9B46-4812-BA20-E1C9D00CBB60}.Debug|x86.Build.0 = Debug|Win32
		{B2DB5314-9B46-4812-BA20-E1C9D00CBB60}.Release|x64.ActiveCfg = Release|x64
		{B2DB5314-9B46-4812-BA20-E1C9D00CBB60}.Release|x64.Build.0 = Release|x64
		{B2DB5314-9B46-4812-BA20-E1C9D00CBB60}.Release|x86.ActiveCfg = Release|Win32
		{B2DB5314-9B46-4812-BA20-E1C9D00CBB60}.Release|x86.Build.0 = Release|Win32
	EndGlobalSection
	GlobalSection(SolutionProperties) = preSolution
		HideSolutionNode = FALSE
	EndGlobalSection
	GlobalSection(ExtensibilityGlobals) = postSolution
		SolutionGuid = {B3C9BD8A-7175-4A60-B306-C66EE51B2541}
	EndGlobalSection
EndGlobal
